// !$*UTF8*$!
{
	archiveVersion = 1;
	classes = {
	};
	objectVersion = 51;
	objects = {

/* Begin PBXBuildFile section */
		4C6C128A0254D09638CB402E /* Pods_MapsTests.framework in Frameworks */ = {isa = PBXBuildFile; fileRef = C0ED8F6210916C0D1979B259 /* Pods_MapsTests.framework */; };
		91213909231062490007D7CB /* BaseMapViewController.swift in Sources */ = {isa = PBXBuildFile; fileRef = 91213908231062490007D7CB /* BaseMapViewController.swift */; };
		9121390B23106D740007D7CB /* gm_dark_style.json in Resources */ = {isa = PBXBuildFile; fileRef = 9121390A23106D740007D7CB /* gm_dark_style.json */; };
		9121390D23106F490007D7CB /* DarkModeGMSMapView.swift in Sources */ = {isa = PBXBuildFile; fileRef = 9121390C23106F490007D7CB /* DarkModeGMSMapView.swift */; };
		9136634A230EFCB6002672B9 /* AppDelegate.swift in Sources */ = {isa = PBXBuildFile; fileRef = 91366349230EFCB6002672B9 /* AppDelegate.swift */; };
		9136634C230EFCB6002672B9 /* SceneDelegate.swift in Sources */ = {isa = PBXBuildFile; fileRef = 9136634B230EFCB6002672B9 /* SceneDelegate.swift */; };
		9136634E230EFCB6002672B9 /* MapKitViewController.swift in Sources */ = {isa = PBXBuildFile; fileRef = 9136634D230EFCB6002672B9 /* MapKitViewController.swift */; };
		91366350230EFCB6002672B9 /* GoogleMapsViewController.swift in Sources */ = {isa = PBXBuildFile; fileRef = 9136634F230EFCB6002672B9 /* GoogleMapsViewController.swift */; };
		91366353230EFCB6002672B9 /* Main.storyboard in Resources */ = {isa = PBXBuildFile; fileRef = 91366351230EFCB6002672B9 /* Main.storyboard */; };
		91366355230EFCB9002672B9 /* Assets.xcassets in Resources */ = {isa = PBXBuildFile; fileRef = 91366354230EFCB9002672B9 /* Assets.xcassets */; };
		91366358230EFCB9002672B9 /* LaunchScreen.storyboard in Resources */ = {isa = PBXBuildFile; fileRef = 91366356230EFCB9002672B9 /* LaunchScreen.storyboard */; };
		91366363230EFCB9002672B9 /* MapsTests.swift in Sources */ = {isa = PBXBuildFile; fileRef = 91366362230EFCB9002672B9 /* MapsTests.swift */; };
		91366370230F107B002672B9 /* TileManager.swift in Sources */ = {isa = PBXBuildFile; fileRef = 9136636F230F107B002672B9 /* TileManager.swift */; };
		91366372230F1226002672B9 /* TileOverlay.swift in Sources */ = {isa = PBXBuildFile; fileRef = 91366371230F1226002672B9 /* TileOverlay.swift */; };
		91366374230F12F2002672B9 /* TileCache.swift in Sources */ = {isa = PBXBuildFile; fileRef = 91366373230F12F2002672B9 /* TileCache.swift */; };
		91366376230F12FA002672B9 /* TilePath.swift in Sources */ = {isa = PBXBuildFile; fileRef = 91366375230F12FA002672B9 /* TilePath.swift */; };
		91366379230F19E8002672B9 /* Result.swift in Sources */ = {isa = PBXBuildFile; fileRef = 91366378230F19E8002672B9 /* Result.swift */; };
		9136637D230F3411002672B9 /* TileLayer.swift in Sources */ = {isa = PBXBuildFile; fileRef = 9136637C230F3411002672B9 /* TileLayer.swift */; };
		F7830AD53B0725A5748905F6 /* Pods_Maps.framework in Frameworks */ = {isa = PBXBuildFile; fileRef = 7388BE95BEB6FEDE870D9F8E /* Pods_Maps.framework */; };
/* End PBXBuildFile section */

/* Begin PBXContainerItemProxy section */
		9136635F230EFCB9002672B9 /* PBXContainerItemProxy */ = {
			isa = PBXContainerItemProxy;
			containerPortal = 9136633E230EFCB6002672B9 /* Project object */;
			proxyType = 1;
			remoteGlobalIDString = 91366345230EFCB6002672B9;
			remoteInfo = Maps;
		};
/* End PBXContainerItemProxy section */

/* Begin PBXFileReference section */
		52A4DFDA71ADFB917CAA73DC /* Pods-MapsTests.release.xcconfig */ = {isa = PBXFileReference; includeInIndex = 1; lastKnownFileType = text.xcconfig; name = "Pods-MapsTests.release.xcconfig"; path = "Target Support Files/Pods-MapsTests/Pods-MapsTests.release.xcconfig"; sourceTree = "<group>"; };
		7388BE95BEB6FEDE870D9F8E /* Pods_Maps.framework */ = {isa = PBXFileReference; explicitFileType = wrapper.framework; includeInIndex = 0; path = Pods_Maps.framework; sourceTree = BUILT_PRODUCTS_DIR; };
		91213908231062490007D7CB /* BaseMapViewController.swift */ = {isa = PBXFileReference; lastKnownFileType = sourcecode.swift; path = BaseMapViewController.swift; sourceTree = "<group>"; };
		9121390A23106D740007D7CB /* gm_dark_style.json */ = {isa = PBXFileReference; lastKnownFileType = text.json; path = gm_dark_style.json; sourceTree = "<group>"; };
		9121390C23106F490007D7CB /* DarkModeGMSMapView.swift */ = {isa = PBXFileReference; lastKnownFileType = sourcecode.swift; path = DarkModeGMSMapView.swift; sourceTree = "<group>"; };
		91366346230EFCB6002672B9 /* Maps.app */ = {isa = PBXFileReference; explicitFileType = wrapper.application; includeInIndex = 0; path = Maps.app; sourceTree = BUILT_PRODUCTS_DIR; };
		91366349230EFCB6002672B9 /* AppDelegate.swift */ = {isa = PBXFileReference; lastKnownFileType = sourcecode.swift; path = AppDelegate.swift; sourceTree = "<group>"; };
		9136634B230EFCB6002672B9 /* SceneDelegate.swift */ = {isa = PBXFileReference; lastKnownFileType = sourcecode.swift; path = SceneDelegate.swift; sourceTree = "<group>"; };
		9136634D230EFCB6002672B9 /* MapKitViewController.swift */ = {isa = PBXFileReference; lastKnownFileType = sourcecode.swift; path = MapKitViewController.swift; sourceTree = "<group>"; };
		9136634F230EFCB6002672B9 /* GoogleMapsViewController.swift */ = {isa = PBXFileReference; lastKnownFileType = sourcecode.swift; path = GoogleMapsViewController.swift; sourceTree = "<group>"; };
		91366352230EFCB6002672B9 /* Base */ = {isa = PBXFileReference; lastKnownFileType = file.storyboard; name = Base; path = Base.lproj/Main.storyboard; sourceTree = "<group>"; };
		91366354230EFCB9002672B9 /* Assets.xcassets */ = {isa = PBXFileReference; lastKnownFileType = folder.assetcatalog; path = Assets.xcassets; sourceTree = "<group>"; };
		91366357230EFCB9002672B9 /* Base */ = {isa = PBXFileReference; lastKnownFileType = file.storyboard; name = Base; path = Base.lproj/LaunchScreen.storyboard; sourceTree = "<group>"; };
		91366359230EFCB9002672B9 /* Info.plist */ = {isa = PBXFileReference; lastKnownFileType = text.plist.xml; path = Info.plist; sourceTree = "<group>"; };
		9136635E230EFCB9002672B9 /* MapsTests.xctest */ = {isa = PBXFileReference; explicitFileType = wrapper.cfbundle; includeInIndex = 0; path = MapsTests.xctest; sourceTree = BUILT_PRODUCTS_DIR; };
		91366362230EFCB9002672B9 /* MapsTests.swift */ = {isa = PBXFileReference; lastKnownFileType = sourcecode.swift; path = MapsTests.swift; sourceTree = "<group>"; };
		91366364230EFCB9002672B9 /* Info.plist */ = {isa = PBXFileReference; lastKnownFileType = text.plist.xml; path = Info.plist; sourceTree = "<group>"; };
		9136636F230F107B002672B9 /* TileManager.swift */ = {isa = PBXFileReference; lastKnownFileType = sourcecode.swift; path = TileManager.swift; sourceTree = "<group>"; };
		91366371230F1226002672B9 /* TileOverlay.swift */ = {isa = PBXFileReference; lastKnownFileType = sourcecode.swift; path = TileOverlay.swift; sourceTree = "<group>"; };
		91366373230F12F2002672B9 /* TileCache.swift */ = {isa = PBXFileReference; lastKnownFileType = sourcecode.swift; path = TileCache.swift; sourceTree = "<group>"; };
		91366375230F12FA002672B9 /* TilePath.swift */ = {isa = PBXFileReference; lastKnownFileType = sourcecode.swift; path = TilePath.swift; sourceTree = "<group>"; };
		91366378230F19E8002672B9 /* Result.swift */ = {isa = PBXFileReference; lastKnownFileType = sourcecode.swift; path = Result.swift; sourceTree = "<group>"; };
		9136637C230F3411002672B9 /* TileLayer.swift */ = {isa = PBXFileReference; lastKnownFileType = sourcecode.swift; path = TileLayer.swift; sourceTree = "<group>"; };
		B3F2501FA558F23E1A09D0A0 /* Pods-MapsTests.debug.xcconfig */ = {isa = PBXFileReference; includeInIndex = 1; lastKnownFileType = text.xcconfig; name = "Pods-MapsTests.debug.xcconfig"; path = "Target Support Files/Pods-MapsTests/Pods-MapsTests.debug.xcconfig"; sourceTree = "<group>"; };
		C0ED8F6210916C0D1979B259 /* Pods_MapsTests.framework */ = {isa = PBXFileReference; explicitFileType = wrapper.framework; includeInIndex = 0; path = Pods_MapsTests.framework; sourceTree = BUILT_PRODUCTS_DIR; };
		DD6353550567B1AEB50E7D40 /* Pods-Maps.debug.xcconfig */ = {isa = PBXFileReference; includeInIndex = 1; lastKnownFileType = text.xcconfig; name = "Pods-Maps.debug.xcconfig"; path = "Target Support Files/Pods-Maps/Pods-Maps.debug.xcconfig"; sourceTree = "<group>"; };
		EA860550762931578534E69F /* Pods-Maps.release.xcconfig */ = {isa = PBXFileReference; includeInIndex = 1; lastKnownFileType = text.xcconfig; name = "Pods-Maps.release.xcconfig"; path = "Target Support Files/Pods-Maps/Pods-Maps.release.xcconfig"; sourceTree = "<group>"; };
/* End PBXFileReference section */

/* Begin PBXFrameworksBuildPhase section */
		91366343230EFCB6002672B9 /* Frameworks */ = {
			isa = PBXFrameworksBuildPhase;
			buildActionMask = 2147483647;
			files = (
				F7830AD53B0725A5748905F6 /* Pods_Maps.framework in Frameworks */,
			);
			runOnlyForDeploymentPostprocessing = 0;
		};
		9136635B230EFCB9002672B9 /* Frameworks */ = {
			isa = PBXFrameworksBuildPhase;
			buildActionMask = 2147483647;
			files = (
				4C6C128A0254D09638CB402E /* Pods_MapsTests.framework in Frameworks */,
			);
			runOnlyForDeploymentPostprocessing = 0;
		};
/* End PBXFrameworksBuildPhase section */

/* Begin PBXGroup section */
		05524D8C730B1F15DDCF9AF5 /* Frameworks */ = {
			isa = PBXGroup;
			children = (
				7388BE95BEB6FEDE870D9F8E /* Pods_Maps.framework */,
				C0ED8F6210916C0D1979B259 /* Pods_MapsTests.framework */,
			);
			name = Frameworks;
			sourceTree = "<group>";
		};
		9136633D230EFCB6002672B9 = {
			isa = PBXGroup;
			children = (
				91366348230EFCB6002672B9 /* Maps */,
				91366361230EFCB9002672B9 /* MapsTests */,
				91366347230EFCB6002672B9 /* Products */,
				E4107B6381D1DDB2F9BBC3EA /* Pods */,
				05524D8C730B1F15DDCF9AF5 /* Frameworks */,
			);
			sourceTree = "<group>";
		};
		91366347230EFCB6002672B9 /* Products */ = {
			isa = PBXGroup;
			children = (
				91366346230EFCB6002672B9 /* Maps.app */,
				9136635E230EFCB9002672B9 /* MapsTests.xctest */,
			);
			name = Products;
			sourceTree = "<group>";
		};
		91366348230EFCB6002672B9 /* Maps */ = {
			isa = PBXGroup;
			children = (
				9136637B230F33B6002672B9 /* GoogleMaps */,
				9136637A230F33AE002672B9 /* MapKit */,
				91366377230F19D9002672B9 /* Extensions */,
				9136636E230F1066002672B9 /* Tiles */,
				9136636D230F0E79002672B9 /* Main */,
				91366351230EFCB6002672B9 /* Main.storyboard */,
				91366354230EFCB9002672B9 /* Assets.xcassets */,
				91366356230EFCB9002672B9 /* LaunchScreen.storyboard */,
				91366359230EFCB9002672B9 /* Info.plist */,
			);
			path = Maps;
			sourceTree = "<group>";
		};
		91366361230EFCB9002672B9 /* MapsTests */ = {
			isa = PBXGroup;
			children = (
				91366362230EFCB9002672B9 /* MapsTests.swift */,
				91366364230EFCB9002672B9 /* Info.plist */,
			);
			path = MapsTests;
			sourceTree = "<group>";
		};
		9136636D230F0E79002672B9 /* Main */ = {
			isa = PBXGroup;
			children = (
				91366349230EFCB6002672B9 /* AppDelegate.swift */,
				9136634B230EFCB6002672B9 /* SceneDelegate.swift */,
				91213908231062490007D7CB /* BaseMapViewController.swift */,
			);
			path = Main;
			sourceTree = "<group>";
		};
		9136636E230F1066002672B9 /* Tiles */ = {
			isa = PBXGroup;
			children = (
				9136636F230F107B002672B9 /* TileManager.swift */,
				91366373230F12F2002672B9 /* TileCache.swift */,
				91366375230F12FA002672B9 /* TilePath.swift */,
			);
			path = Tiles;
			sourceTree = "<group>";
		};
		91366377230F19D9002672B9 /* Extensions */ = {
			isa = PBXGroup;
			children = (
				91366378230F19E8002672B9 /* Result.swift */,
			);
			path = Extensions;
			sourceTree = "<group>";
		};
		9136637A230F33AE002672B9 /* MapKit */ = {
			isa = PBXGroup;
			children = (
				9136634D230EFCB6002672B9 /* MapKitViewController.swift */,
				91366371230F1226002672B9 /* TileOverlay.swift */,
			);
			path = MapKit;
			sourceTree = "<group>";
		};
		9136637B230F33B6002672B9 /* GoogleMaps */ = {
			isa = PBXGroup;
			children = (
				9136634F230EFCB6002672B9 /* GoogleMapsViewController.swift */,
				9136637C230F3411002672B9 /* TileLayer.swift */,
				9121390C23106F490007D7CB /* DarkModeGMSMapView.swift */,
				9121390A23106D740007D7CB /* gm_dark_style.json */,
			);
			path = GoogleMaps;
			sourceTree = "<group>";
		};
		E4107B6381D1DDB2F9BBC3EA /* Pods */ = {
			isa = PBXGroup;
			children = (
				DD6353550567B1AEB50E7D40 /* Pods-Maps.debug.xcconfig */,
				EA860550762931578534E69F /* Pods-Maps.release.xcconfig */,
				B3F2501FA558F23E1A09D0A0 /* Pods-MapsTests.debug.xcconfig */,
				52A4DFDA71ADFB917CAA73DC /* Pods-MapsTests.release.xcconfig */,
			);
			path = Pods;
			sourceTree = "<group>";
		};
/* End PBXGroup section */

/* Begin PBXNativeTarget section */
		91366345230EFCB6002672B9 /* Maps */ = {
			isa = PBXNativeTarget;
			buildConfigurationList = 91366367230EFCB9002672B9 /* Build configuration list for PBXNativeTarget "Maps" */;
			buildPhases = (
				6B17AD66EEC3AE7B5147322A /* [CP] Check Pods Manifest.lock */,
				91366342230EFCB6002672B9 /* Sources */,
				91366343230EFCB6002672B9 /* Frameworks */,
				91366344230EFCB6002672B9 /* Resources */,
				E882982892B0DF8806325386 /* [CP] Copy Pods Resources */,
				D4A8B38EF44F948FB753C2F1 /* [CP] Embed Pods Frameworks */,
			);
			buildRules = (
			);
			dependencies = (
			);
			name = Maps;
			productName = Maps;
			productReference = 91366346230EFCB6002672B9 /* Maps.app */;
			productType = "com.apple.product-type.application";
		};
		9136635D230EFCB9002672B9 /* MapsTests */ = {
			isa = PBXNativeTarget;
			buildConfigurationList = 9136636A230EFCB9002672B9 /* Build configuration list for PBXNativeTarget "MapsTests" */;
			buildPhases = (
				5F18BBFCEF4A1A808B3CFDD0 /* [CP] Check Pods Manifest.lock */,
				9136635A230EFCB9002672B9 /* Sources */,
				9136635B230EFCB9002672B9 /* Frameworks */,
				9136635C230EFCB9002672B9 /* Resources */,
			);
			buildRules = (
			);
			dependencies = (
				91366360230EFCB9002672B9 /* PBXTargetDependency */,
			);
			name = MapsTests;
			productName = MapsTests;
			productReference = 9136635E230EFCB9002672B9 /* MapsTests.xctest */;
			productType = "com.apple.product-type.bundle.unit-test";
		};
/* End PBXNativeTarget section */

/* Begin PBXProject section */
		9136633E230EFCB6002672B9 /* Project object */ = {
			isa = PBXProject;
			attributes = {
				LastSwiftUpdateCheck = 1100;
				LastUpgradeCheck = 1100;
				ORGANIZATIONNAME = "Sebastian Osiński";
				TargetAttributes = {
					91366345230EFCB6002672B9 = {
						CreatedOnToolsVersion = 11.0;
					};
					9136635D230EFCB9002672B9 = {
						CreatedOnToolsVersion = 11.0;
						TestTargetID = 91366345230EFCB6002672B9;
					};
				};
			};
			buildConfigurationList = 91366341230EFCB6002672B9 /* Build configuration list for PBXProject "Maps" */;
			compatibilityVersion = "Xcode 9.3";
			developmentRegion = en;
			hasScannedForEncodings = 0;
			knownRegions = (
				en,
				Base,
			);
			mainGroup = 9136633D230EFCB6002672B9;
			productRefGroup = 91366347230EFCB6002672B9 /* Products */;
			projectDirPath = "";
			projectRoot = "";
			targets = (
				91366345230EFCB6002672B9 /* Maps */,
				9136635D230EFCB9002672B9 /* MapsTests */,
			);
		};
/* End PBXProject section */

/* Begin PBXResourcesBuildPhase section */
		91366344230EFCB6002672B9 /* Resources */ = {
			isa = PBXResourcesBuildPhase;
			buildActionMask = 2147483647;
			files = (
				91366358230EFCB9002672B9 /* LaunchScreen.storyboard in Resources */,
				91366355230EFCB9002672B9 /* Assets.xcassets in Resources */,
				91366353230EFCB6002672B9 /* Main.storyboard in Resources */,
				9121390B23106D740007D7CB /* gm_dark_style.json in Resources */,
			);
			runOnlyForDeploymentPostprocessing = 0;
		};
		9136635C230EFCB9002672B9 /* Resources */ = {
			isa = PBXResourcesBuildPhase;
			buildActionMask = 2147483647;
			files = (
			);
			runOnlyForDeploymentPostprocessing = 0;
		};
/* End PBXResourcesBuildPhase section */

/* Begin PBXShellScriptBuildPhase section */
		5F18BBFCEF4A1A808B3CFDD0 /* [CP] Check Pods Manifest.lock */ = {
			isa = PBXShellScriptBuildPhase;
			buildActionMask = 2147483647;
			files = (
			);
			inputFileListPaths = (
			);
			inputPaths = (
				"${PODS_PODFILE_DIR_PATH}/Podfile.lock",
				"${PODS_ROOT}/Manifest.lock",
			);
			name = "[CP] Check Pods Manifest.lock";
			outputFileListPaths = (
			);
			outputPaths = (
				"$(DERIVED_FILE_DIR)/Pods-MapsTests-checkManifestLockResult.txt",
			);
			runOnlyForDeploymentPostprocessing = 0;
			shellPath = /bin/sh;
			shellScript = "diff \"${PODS_PODFILE_DIR_PATH}/Podfile.lock\" \"${PODS_ROOT}/Manifest.lock\" > /dev/null\nif [ $? != 0 ] ; then\n    # print error to STDERR\n    echo \"error: The sandbox is not in sync with the Podfile.lock. Run 'pod install' or update your CocoaPods installation.\" >&2\n    exit 1\nfi\n# This output is used by Xcode 'outputs' to avoid re-running this script phase.\necho \"SUCCESS\" > \"${SCRIPT_OUTPUT_FILE_0}\"\n";
			showEnvVarsInLog = 0;
		};
		6B17AD66EEC3AE7B5147322A /* [CP] Check Pods Manifest.lock */ = {
			isa = PBXShellScriptBuildPhase;
			buildActionMask = 2147483647;
			files = (
			);
			inputFileListPaths = (
			);
			inputPaths = (
				"${PODS_PODFILE_DIR_PATH}/Podfile.lock",
				"${PODS_ROOT}/Manifest.lock",
			);
			name = "[CP] Check Pods Manifest.lock";
			outputFileListPaths = (
			);
			outputPaths = (
				"$(DERIVED_FILE_DIR)/Pods-Maps-checkManifestLockResult.txt",
			);
			runOnlyForDeploymentPostprocessing = 0;
			shellPath = /bin/sh;
			shellScript = "diff \"${PODS_PODFILE_DIR_PATH}/Podfile.lock\" \"${PODS_ROOT}/Manifest.lock\" > /dev/null\nif [ $? != 0 ] ; then\n    # print error to STDERR\n    echo \"error: The sandbox is not in sync with the Podfile.lock. Run 'pod install' or update your CocoaPods installation.\" >&2\n    exit 1\nfi\n# This output is used by Xcode 'outputs' to avoid re-running this script phase.\necho \"SUCCESS\" > \"${SCRIPT_OUTPUT_FILE_0}\"\n";
			showEnvVarsInLog = 0;
		};
		D4A8B38EF44F948FB753C2F1 /* [CP] Embed Pods Frameworks */ = {
			isa = PBXShellScriptBuildPhase;
			buildActionMask = 2147483647;
			files = (
			);
			inputFileListPaths = (
				"${PODS_ROOT}/Target Support Files/Pods-Maps/Pods-Maps-frameworks-${CONFIGURATION}-input-files.xcfilelist",
			);
			name = "[CP] Embed Pods Frameworks";
			outputFileListPaths = (
				"${PODS_ROOT}/Target Support Files/Pods-Maps/Pods-Maps-frameworks-${CONFIGURATION}-output-files.xcfilelist",
			);
			runOnlyForDeploymentPostprocessing = 0;
			shellPath = /bin/sh;
			shellScript = "\"${PODS_ROOT}/Target Support Files/Pods-Maps/Pods-Maps-frameworks.sh\"\n";
			showEnvVarsInLog = 0;
		};
		E882982892B0DF8806325386 /* [CP] Copy Pods Resources */ = {
			isa = PBXShellScriptBuildPhase;
			buildActionMask = 2147483647;
			files = (
			);
			inputFileListPaths = (
				"${PODS_ROOT}/Target Support Files/Pods-Maps/Pods-Maps-resources-${CONFIGURATION}-input-files.xcfilelist",
			);
			name = "[CP] Copy Pods Resources";
			outputFileListPaths = (
				"${PODS_ROOT}/Target Support Files/Pods-Maps/Pods-Maps-resources-${CONFIGURATION}-output-files.xcfilelist",
			);
			runOnlyForDeploymentPostprocessing = 0;
			shellPath = /bin/sh;
			shellScript = "\"${PODS_ROOT}/Target Support Files/Pods-Maps/Pods-Maps-resources.sh\"\n";
			showEnvVarsInLog = 0;
		};
/* End PBXShellScriptBuildPhase section */

/* Begin PBXSourcesBuildPhase section */
		91366342230EFCB6002672B9 /* Sources */ = {
			isa = PBXSourcesBuildPhase;
			buildActionMask = 2147483647;
			files = (
				91366379230F19E8002672B9 /* Result.swift in Sources */,
				91366350230EFCB6002672B9 /* GoogleMapsViewController.swift in Sources */,
				9136634E230EFCB6002672B9 /* MapKitViewController.swift in Sources */,
				91366370230F107B002672B9 /* TileManager.swift in Sources */,
				91213909231062490007D7CB /* BaseMapViewController.swift in Sources */,
				9136634A230EFCB6002672B9 /* AppDelegate.swift in Sources */,
				91366376230F12FA002672B9 /* TilePath.swift in Sources */,
				91366374230F12F2002672B9 /* TileCache.swift in Sources */,
				91366372230F1226002672B9 /* TileOverlay.swift in Sources */,
				9136634C230EFCB6002672B9 /* SceneDelegate.swift in Sources */,
				9121390D23106F490007D7CB /* DarkModeGMSMapView.swift in Sources */,
				9136637D230F3411002672B9 /* TileLayer.swift in Sources */,
			);
			runOnlyForDeploymentPostprocessing = 0;
		};
		9136635A230EFCB9002672B9 /* Sources */ = {
			isa = PBXSourcesBuildPhase;
			buildActionMask = 2147483647;
			files = (
				91366363230EFCB9002672B9 /* MapsTests.swift in Sources */,
			);
			runOnlyForDeploymentPostprocessing = 0;
		};
/* End PBXSourcesBuildPhase section */

/* Begin PBXTargetDependency section */
		91366360230EFCB9002672B9 /* PBXTargetDependency */ = {
			isa = PBXTargetDependency;
			target = 91366345230EFCB6002672B9 /* Maps */;
			targetProxy = 9136635F230EFCB9002672B9 /* PBXContainerItemProxy */;
		};
/* End PBXTargetDependency section */

/* Begin PBXVariantGroup section */
		91366351230EFCB6002672B9 /* Main.storyboard */ = {
			isa = PBXVariantGroup;
			children = (
				91366352230EFCB6002672B9 /* Base */,
			);
			name = Main.storyboard;
			sourceTree = "<group>";
		};
		91366356230EFCB9002672B9 /* LaunchScreen.storyboard */ = {
			isa = PBXVariantGroup;
			children = (
				91366357230EFCB9002672B9 /* Base */,
			);
			name = LaunchScreen.storyboard;
			sourceTree = "<group>";
		};
/* End PBXVariantGroup section */

/* Begin XCBuildConfiguration section */
		91366365230EFCB9002672B9 /* Debug */ = {
			isa = XCBuildConfiguration;
			buildSettings = {
				ALWAYS_SEARCH_USER_PATHS = NO;
				CLANG_ANALYZER_NONNULL = YES;
				CLANG_ANALYZER_NUMBER_OBJECT_CONVERSION = YES_AGGRESSIVE;
				CLANG_CXX_LANGUAGE_STANDARD = "gnu++14";
				CLANG_CXX_LIBRARY = "libc++";
				CLANG_ENABLE_MODULES = YES;
				CLANG_ENABLE_OBJC_ARC = YES;
				CLANG_ENABLE_OBJC_WEAK = YES;
				CLANG_WARN_BLOCK_CAPTURE_AUTORELEASING = YES;
				CLANG_WARN_BOOL_CONVERSION = YES;
				CLANG_WARN_COMMA = YES;
				CLANG_WARN_CONSTANT_CONVERSION = YES;
				CLANG_WARN_DEPRECATED_OBJC_IMPLEMENTATIONS = YES;
				CLANG_WARN_DIRECT_OBJC_ISA_USAGE = YES_ERROR;
				CLANG_WARN_DOCUMENTATION_COMMENTS = YES;
				CLANG_WARN_EMPTY_BODY = YES;
				CLANG_WARN_ENUM_CONVERSION = YES;
				CLANG_WARN_INFINITE_RECURSION = YES;
				CLANG_WARN_INT_CONVERSION = YES;
				CLANG_WARN_NON_LITERAL_NULL_CONVERSION = YES;
				CLANG_WARN_OBJC_IMPLICIT_RETAIN_SELF = YES;
				CLANG_WARN_OBJC_LITERAL_CONVERSION = YES;
				CLANG_WARN_OBJC_ROOT_CLASS = YES_ERROR;
				CLANG_WARN_RANGE_LOOP_ANALYSIS = YES;
				CLANG_WARN_STRICT_PROTOTYPES = YES;
				CLANG_WARN_SUSPICIOUS_MOVE = YES;
				CLANG_WARN_UNGUARDED_AVAILABILITY = YES_AGGRESSIVE;
				CLANG_WARN_UNREACHABLE_CODE = YES;
				CLANG_WARN__DUPLICATE_METHOD_MATCH = YES;
				COPY_PHASE_STRIP = NO;
				DEBUG_INFORMATION_FORMAT = dwarf;
				ENABLE_STRICT_OBJC_MSGSEND = YES;
				ENABLE_TESTABILITY = YES;
				GCC_C_LANGUAGE_STANDARD = gnu11;
				GCC_DYNAMIC_NO_PIC = NO;
				GCC_NO_COMMON_BLOCKS = YES;
				GCC_OPTIMIZATION_LEVEL = 0;
				GCC_PREPROCESSOR_DEFINITIONS = (
					"DEBUG=1",
					"$(inherited)",
				);
				GCC_WARN_64_TO_32_BIT_CONVERSION = YES;
				GCC_WARN_ABOUT_RETURN_TYPE = YES_ERROR;
				GCC_WARN_UNDECLARED_SELECTOR = YES;
				GCC_WARN_UNINITIALIZED_AUTOS = YES_AGGRESSIVE;
				GCC_WARN_UNUSED_FUNCTION = YES;
				GCC_WARN_UNUSED_VARIABLE = YES;
				IPHONEOS_DEPLOYMENT_TARGET = 13.0;
				MTL_ENABLE_DEBUG_INFO = INCLUDE_SOURCE;
				MTL_FAST_MATH = YES;
				ONLY_ACTIVE_ARCH = YES;
				SDKROOT = iphoneos;
				SWIFT_ACTIVE_COMPILATION_CONDITIONS = DEBUG;
				SWIFT_OPTIMIZATION_LEVEL = "-Onone";
			};
			name = Debug;
		};
		91366366230EFCB9002672B9 /* Release */ = {
			isa = XCBuildConfiguration;
			buildSettings = {
				ALWAYS_SEARCH_USER_PATHS = NO;
				CLANG_ANALYZER_NONNULL = YES;
				CLANG_ANALYZER_NUMBER_OBJECT_CONVERSION = YES_AGGRESSIVE;
				CLANG_CXX_LANGUAGE_STANDARD = "gnu++14";
				CLANG_CXX_LIBRARY = "libc++";
				CLANG_ENABLE_MODULES = YES;
				CLANG_ENABLE_OBJC_ARC = YES;
				CLANG_ENABLE_OBJC_WEAK = YES;
				CLANG_WARN_BLOCK_CAPTURE_AUTORELEASING = YES;
				CLANG_WARN_BOOL_CONVERSION = YES;
				CLANG_WARN_COMMA = YES;
				CLANG_WARN_CONSTANT_CONVERSION = YES;
				CLANG_WARN_DEPRECATED_OBJC_IMPLEMENTATIONS = YES;
				CLANG_WARN_DIRECT_OBJC_ISA_USAGE = YES_ERROR;
				CLANG_WARN_DOCUMENTATION_COMMENTS = YES;
				CLANG_WARN_EMPTY_BODY = YES;
				CLANG_WARN_ENUM_CONVERSION = YES;
				CLANG_WARN_INFINITE_RECURSION = YES;
				CLANG_WARN_INT_CONVERSION = YES;
				CLANG_WARN_NON_LITERAL_NULL_CONVERSION = YES;
				CLANG_WARN_OBJC_IMPLICIT_RETAIN_SELF = YES;
				CLANG_WARN_OBJC_LITERAL_CONVERSION = YES;
				CLANG_WARN_OBJC_ROOT_CLASS = YES_ERROR;
				CLANG_WARN_RANGE_LOOP_ANALYSIS = YES;
				CLANG_WARN_STRICT_PROTOTYPES = YES;
				CLANG_WARN_SUSPICIOUS_MOVE = YES;
				CLANG_WARN_UNGUARDED_AVAILABILITY = YES_AGGRESSIVE;
				CLANG_WARN_UNREACHABLE_CODE = YES;
				CLANG_WARN__DUPLICATE_METHOD_MATCH = YES;
				COPY_PHASE_STRIP = NO;
				DEBUG_INFORMATION_FORMAT = "dwarf-with-dsym";
				ENABLE_NS_ASSERTIONS = NO;
				ENABLE_STRICT_OBJC_MSGSEND = YES;
				GCC_C_LANGUAGE_STANDARD = gnu11;
				GCC_NO_COMMON_BLOCKS = YES;
				GCC_WARN_64_TO_32_BIT_CONVERSION = YES;
				GCC_WARN_ABOUT_RETURN_TYPE = YES_ERROR;
				GCC_WARN_UNDECLARED_SELECTOR = YES;
				GCC_WARN_UNINITIALIZED_AUTOS = YES_AGGRESSIVE;
				GCC_WARN_UNUSED_FUNCTION = YES;
				GCC_WARN_UNUSED_VARIABLE = YES;
				IPHONEOS_DEPLOYMENT_TARGET = 13.0;
				MTL_ENABLE_DEBUG_INFO = NO;
				MTL_FAST_MATH = YES;
				SDKROOT = iphoneos;
				SWIFT_COMPILATION_MODE = wholemodule;
				SWIFT_OPTIMIZATION_LEVEL = "-O";
				VALIDATE_PRODUCT = YES;
			};
			name = Release;
		};
		91366368230EFCB9002672B9 /* Debug */ = {
			isa = XCBuildConfiguration;
			baseConfigurationReference = DD6353550567B1AEB50E7D40 /* Pods-Maps.debug.xcconfig */;
			buildSettings = {
				ASSETCATALOG_COMPILER_APPICON_NAME = AppIcon;
				CODE_SIGN_STYLE = Automatic;
				DEVELOPMENT_TEAM = GJF586P7E7;
				INFOPLIST_FILE = Maps/Info.plist;
				LD_RUNPATH_SEARCH_PATHS = (
					"$(inherited)",
					"@executable_path/Frameworks",
				);
				PRODUCT_BUNDLE_IDENTIFIER = dev.osinski.Maps;
				PRODUCT_NAME = "$(TARGET_NAME)";
				SWIFT_VERSION = 5.0;
				TARGETED_DEVICE_FAMILY = "1,2";
			};
			name = Debug;
		};
		91366369230EFCB9002672B9 /* Release */ = {
			isa = XCBuildConfiguration;
			baseConfigurationReference = EA860550762931578534E69F /* Pods-Maps.release.xcconfig */;
			buildSettings = {
				ASSETCATALOG_COMPILER_APPICON_NAME = AppIcon;
				CODE_SIGN_STYLE = Automatic;
				DEVELOPMENT_TEAM = GJF586P7E7;
				INFOPLIST_FILE = Maps/Info.plist;
				LD_RUNPATH_SEARCH_PATHS = (
					"$(inherited)",
					"@executable_path/Frameworks",
				);
				PRODUCT_BUNDLE_IDENTIFIER = dev.osinski.Maps;
				PRODUCT_NAME = "$(TARGET_NAME)";
				SWIFT_VERSION = 5.0;
				TARGETED_DEVICE_FAMILY = "1,2";
			};
			name = Release;
		};
		9136636B230EFCB9002672B9 /* Debug */ = {
			isa = XCBuildConfiguration;
			baseConfigurationReference = B3F2501FA558F23E1A09D0A0 /* Pods-MapsTests.debug.xcconfig */;
			buildSettings = {
				ALWAYS_EMBED_SWIFT_STANDARD_LIBRARIES = YES;
				BUNDLE_LOADER = "$(TEST_HOST)";
				CODE_SIGN_STYLE = Automatic;
				DEVELOPMENT_TEAM = GJF586P7E7;
				INFOPLIST_FILE = MapsTests/Info.plist;
				IPHONEOS_DEPLOYMENT_TARGET = 13.0;
				LD_RUNPATH_SEARCH_PATHS = (
					"$(inherited)",
					"@executable_path/Frameworks",
					"@loader_path/Frameworks",
				);
				PRODUCT_BUNDLE_IDENTIFIER = dev.osinski.MapsTests;
				PRODUCT_NAME = "$(TARGET_NAME)";
				SWIFT_VERSION = 5.0;
				TARGETED_DEVICE_FAMILY = "1,2";
				TEST_HOST = "$(BUILT_PRODUCTS_DIR)/Maps.app/Maps";
			};
			name = Debug;
		};
		9136636C230EFCB9002672B9 /* Release */ = {
			isa = XCBuildConfiguration;
			baseConfigurationReference = 52A4DFDA71ADFB917CAA73DC /* Pods-MapsTests.release.xcconfig */;
			buildSettings = {
				ALWAYS_EMBED_SWIFT_STANDARD_LIBRARIES = YES;
				BUNDLE_LOADER = "$(TEST_HOST)";
				CODE_SIGN_STYLE = Automatic;
				DEVELOPMENT_TEAM = GJF586P7E7;
				INFOPLIST_FILE = MapsTests/Info.plist;
				IPHONEOS_DEPLOYMENT_TARGET = 13.0;
				LD_RUNPATH_SEARCH_PATHS = (
					"$(inherited)",
					"@executable_path/Frameworks",
					"@loader_path/Frameworks",
				);
				PRODUCT_BUNDLE_IDENTIFIER = dev.osinski.MapsTests;
				PRODUCT_NAME = "$(TARGET_NAME)";
				SWIFT_VERSION = 5.0;
				TARGETED_DEVICE_FAMILY = "1,2";
				TEST_HOST = "$(BUILT_PRODUCTS_DIR)/Maps.app/Maps";
			};
			name = Release;
		};
/* End XCBuildConfiguration section */

/* Begin XCConfigurationList section */
		91366341230EFCB6002672B9 /* Build configuration list for PBXProject "Maps" */ = {
			isa = XCConfigurationList;
			buildConfigurations = (
				91366365230EFCB9002672B9 /* Debug */,
				91366366230EFCB9002672B9 /* Release */,
			);
			defaultConfigurationIsVisible = 0;
			defaultConfigurationName = Release;
		};
		91366367230EFCB9002672B9 /* Build configuration list for PBXNativeTarget "Maps" */ = {
			isa = XCConfigurationList;
			buildConfigurations = (
				91366368230EFCB9002672B9 /* Debug */,
				91366369230EFCB9002672B9 /* Release */,
			);
			defaultConfigurationIsVisible = 0;
			defaultConfigurationName = Release;
		};
		9136636A230EFCB9002672B9 /* Build configuration list for PBXNativeTarget "MapsTests" */ = {
			isa = XCConfigurationList;
			buildConfigurations = (
				9136636B230EFCB9002672B9 /* Debug */,
				9136636C230EFCB9002672B9 /* Release */,
			);
			defaultConfigurationIsVisible = 0;
			defaultConfigurationName = Release;
		};
/* End XCConfigurationList section */
	};
	rootObject = 9136633E230EFCB6002672B9 /* Project object */;
}
